
Microsoft Visual Studio Solution File, Format Version 12.00
# Visual Studio Version 17
VisualStudioVersion = 17.1.32328.378
MinimumVisualStudioVersion = 10.0.40219.1
Project("{8BC9CEB8-8B4A-11D0-8D11-00A0C91BC942}") = "OOP 3.3D", "OOP 3.3D\OOP 3.3D.vcxproj", "{0011FDC7-0209-4652-9EA8-EDE4FF739013}"
EndProject
Project("{8BC9CEB8-8B4A-11D0-8D11-00A0C91BC942}") = "UT OOP 3.3D", "UT OOP 3.3D\UT OOP 3.3D.vcxproj", "{6E335694-B9FA-47BB-85E7-C4F2F9D117DC}"
EndProject
Global
	GlobalSection(SolutionConfigurationPlatforms) = preSolution
		Debug|x64 = Debug|x64
		Debug|x86 = Debug|x86
		Release|x64 = Release|x64
		Release|x86 = Release|x86
	EndGlobalSection
	GlobalSection(ProjectConfigurationPlatforms) = postSolution
		{0011FDC7-0209-4652-9EA8-EDE4FF739013}.Debug|x64.ActiveCfg = Debug|x64
		{0011FDC7-0209-4652-9EA8-EDE4FF739013}.Debug|x64.Build.0 = Debug|x64
		{0011FDC7-0209-4652-9EA8-EDE4FF739013}.Debug|x86.ActiveCfg = Debug|Win32
		{0011FDC7-0209-4652-9EA8-EDE4FF739013}.Debug|x86.Build.0 = Debug|Win32
		{0011FDC7-0209-4652-9EA8-EDE4FF739013}.Release|x64.ActiveCfg = Release|x64
		{0011FDC7-0209-4652-9EA8-EDE4FF739013}.Release|x64.Build.0 = Release|x64
		{0011FDC7-0209-4652-9EA8-EDE4FF739013}.Release|x86.ActiveCfg = Release|Win32
		{0011FDC7-0209-4652-9EA8-EDE4FF739013}.Release|x86.Build.0 = Release|Win32
		{6E335694-B9FA-47BB-85E7-C4F2F9D117DC}.Debug|x64.ActiveCfg = Debug|x64
		{6E335694-B9FA-47BB-85E7-C4F2F9D117DC}.Debug|x64.Build.0 = Debug|x64
		{6E335694-B9FA-47BB-85E7-C4F2F9D117DC}.Debug|x86.ActiveCfg = Debug|Win32
		{6E335694-B9FA-47BB-85E7-C4F2F9D117DC}.Debug|x86.Build.0 = Debug|Win32
		{6E335694-B9FA-47BB-85E7-C4F2F9D117DC}.Release|x64.ActiveCfg = Release|x64
		{6E335694-B9FA-47BB-85E7-C4F2F9D117DC}.Release|x64.Build.0 = Release|x64
		{6E335694-B9FA-47BB-85E7-C4F2F9D117DC}.Release|x86.ActiveCfg = Release|Win32
		{6E335694-B9FA-47BB-85E7-C4F2F9D117DC}.Release|x86.Build.0 = Release|Win32
	EndGlobalSection
	GlobalSection(SolutionProperties) = preSolution
		HideSolutionNode = FALSE
	EndGlobalSection
	GlobalSection(ExtensibilityGlobals) = postSolution
		SolutionGuid = {8F9D25E3-D4F4-4269-A6FF-F492A7106DF9}
	EndGlobalSection
EndGlobal
